
Microsoft Visual Studio Solution File, Format Version 12.00
# Visual Studio Version 16
VisualStudioVersion = 16.0.30320.27
MinimumVisualStudioVersion = 10.0.40219.1
Project("{FAE04EC0-301F-11D3-BF4B-00C04F79EFBC}") = "AsyncAwaitDemo", "AsyncAwaitDemo\AsyncAwaitDemo.csproj", "{DCED7F0A-D6B1-4E8C-9478-C7E5D1BC8943}"
EndProject
Global
	GlobalSection(SolutionConfigurationPlatforms) = preSolution
		Debug|Any CPU = Debug|Any CPU
		Release|Any CPU = Release|Any CPU
	EndGlobalSection
	GlobalSection(ProjectConfigurationPlatforms) = postSolution
		{DCED7F0A-D6B1-4E8C-9478-C7E5D1BC8943}.Debug|Any CPU.ActiveCfg = Debug|Any CPU
		{DCED7F0A-D6B1-4E8C-9478-C7E5D1BC8943}.Debug|Any CPU.Build.0 = Debug|Any CPU
		{DCED7F0A-D6B1-4E8C-9478-C7E5D1BC8943}.Release|Any CPU.ActiveCfg = Release|Any CPU
		{DCED7F0A-D6B1-4E8C-9478-C7E5D1BC8943}.Release|Any CPU.Build.0 = Release|Any CPU
	EndGlobalSection
	GlobalSection(SolutionProperties) = preSolution
		HideSolutionNode = FALSE
	EndGlobalSection
	GlobalSection(ExtensibilityGlobals) = postSolution
		SolutionGuid = {8AA92AE2-1AD4-4674-852B-032661EE8B20}
	EndGlobalSection
EndGlobal
